
Microsoft Visual Studio Solution File, Format Version 12.00
# Visual Studio Version 17
VisualStudioVersion = 17.5.33530.505
MinimumVisualStudioVersion = 10.0.40219.1
Project("{9A19103F-16F7-4668-BE54-9A1E7A4F7556}") = "SevenSirensFont", "SevenSirensFont\SevenSirensFont.csproj", "{D8BD3BAD-601C-4108-A822-01E23E75CDFA}"
EndProject
Project("{9A19103F-16F7-4668-BE54-9A1E7A4F7556}") = "KnuxLib", "KnuxLib\KnuxLib\KnuxLib.csproj", "{E12E7DED-E67C-4495-8A41-13D8B1813371}"
EndProject
Project("{FAE04EC0-301F-11D3-BF4B-00C04F79EFBC}") = "HedgeLib", "KnuxLib\HedgeLib\HedgeLib\HedgeLib.csproj", "{EEB16FCA-FF9F-40B5-9D43-F2460AA930C8}"
EndProject
Project("{FAE04EC0-301F-11D3-BF4B-00C04F79EFBC}") = "FraGag.Compression.Prs", "KnuxLib\prs.net\FraGag.Compression.Prs\FraGag.Compression.Prs.csproj", "{EC8BB2B3-1975-41B9-8D59-3A6403271112}"
EndProject
Project("{9A19103F-16F7-4668-BE54-9A1E7A4F7556}") = "PuyoTools.Core", "KnuxLib\puyotools\src\PuyoTools.Core\PuyoTools.Core.csproj", "{B4C7C4C9-FD0A-41B2-9B01-E6F9C4DBF496}"
EndProject
Global
	GlobalSection(SolutionConfigurationPlatforms) = preSolution
		Debug|Any CPU = Debug|Any CPU
		Release|Any CPU = Release|Any CPU
	EndGlobalSection
	GlobalSection(ProjectConfigurationPlatforms) = postSolution
		{D8BD3BAD-601C-4108-A822-01E23E75CDFA}.Debug|Any CPU.ActiveCfg = Debug|Any CPU
		{D8BD3BAD-601C-4108-A822-01E23E75CDFA}.Debug|Any CPU.Build.0 = Debug|Any CPU
		{D8BD3BAD-601C-4108-A822-01E23E75CDFA}.Release|Any CPU.ActiveCfg = Release|Any CPU
		{D8BD3BAD-601C-4108-A822-01E23E75CDFA}.Release|Any CPU.Build.0 = Release|Any CPU
		{E12E7DED-E67C-4495-8A41-13D8B1813371}.Debug|Any CPU.ActiveCfg = Debug|Any CPU
		{E12E7DED-E67C-4495-8A41-13D8B1813371}.Debug|Any CPU.Build.0 = Debug|Any CPU
		{E12E7DED-E67C-4495-8A41-13D8B1813371}.Release|Any CPU.ActiveCfg = Release|Any CPU
		{E12E7DED-E67C-4495-8A41-13D8B1813371}.Release|Any CPU.Build.0 = Release|Any CPU
		{EEB16FCA-FF9F-40B5-9D43-F2460AA930C8}.Debug|Any CPU.ActiveCfg = Debug|Any CPU
		{EEB16FCA-FF9F-40B5-9D43-F2460AA930C8}.Debug|Any CPU.Build.0 = Debug|Any CPU
		{EEB16FCA-FF9F-40B5-9D43-F2460AA930C8}.Release|Any CPU.ActiveCfg = Release|Any CPU
		{EEB16FCA-FF9F-40B5-9D43-F2460AA930C8}.Release|Any CPU.Build.0 = Release|Any CPU
		{EC8BB2B3-1975-41B9-8D59-3A6403271112}.Debug|Any CPU.ActiveCfg = Debug|Any CPU
		{EC8BB2B3-1975-41B9-8D59-3A6403271112}.Debug|Any CPU.Build.0 = Debug|Any CPU
		{EC8BB2B3-1975-41B9-8D59-3A6403271112}.Release|Any CPU.ActiveCfg = Release|Any CPU
		{EC8BB2B3-1975-41B9-8D59-3A6403271112}.Release|Any CPU.Build.0 = Release|Any CPU
		{B4C7C4C9-FD0A-41B2-9B01-E6F9C4DBF496}.Debug|Any CPU.ActiveCfg = Debug|Any CPU
		{B4C7C4C9-FD0A-41B2-9B01-E6F9C4DBF496}.Debug|Any CPU.Build.0 = Debug|Any CPU
		{B4C7C4C9-FD0A-41B2-9B01-E6F9C4DBF496}.Release|Any CPU.ActiveCfg = Release|Any CPU
		{B4C7C4C9-FD0A-41B2-9B01-E6F9C4DBF496}.Release|Any CPU.Build.0 = Release|Any CPU
	EndGlobalSection
	GlobalSection(SolutionProperties) = preSolution
		HideSolutionNode = FALSE
	EndGlobalSection
	GlobalSection(ExtensibilityGlobals) = postSolution
		SolutionGuid = {B61B7AE9-E914-46AB-9816-13BF7E4517A0}
	EndGlobalSection
EndGlobal
